{
  "name": "Nornikel",
  "lockfileVersion": 2,
  "requires": true,
  "packages": {
    "": {
      "dependencies": {
        "chart.js": "^3.7.1",
        "chartjs-adapter-date-fns": "^1.1.0-beta.1",
        "chartjs-adapter-moment": "^1.0.0",
        "date-fns": "^2.28.0",
        "luxon": "^2.3.2",
        "moment": "^2.29.3"
      }
    },
    "node_modules/chart.js": {
      "version": "3.7.1",
      "resolved": "https://registry.npmjs.org/chart.js/-/chart.js-3.7.1.tgz",
      "integrity": "sha512-8knRegQLFnPQAheZV8MjxIXc5gQEfDFD897BJgv/klO/vtIyFFmgMXrNfgrXpbTr/XbTturxRgxIXx/Y+ASJBA=="
    },
    "node_modules/chartjs-adapter-date-fns": {
      "version": "1.1.0-beta.1",
      "resolved": "https://registry.npmjs.org/chartjs-adapter-date-fns/-/chartjs-adapter-date-fns-1.1.0-beta.1.tgz",
      "integrity": "sha512-VNhuZ86kXKOwh61CyRLP7hoFqAR7+gjnrtf7KYLt/Wfh3jIQs14l1h+nagtQoFaabIYIo6UD5/jJb2/J6zOPcw==",
      "peerDependencies": {
        "chart.js": "^3.0.0-beta.13"
      }
    },
    "node_modules/chartjs-adapter-moment": {
      "version": "1.0.0",
      "resolved": "https://registry.npmjs.org/chartjs-adapter-moment/-/chartjs-adapter-moment-1.0.0.tgz",
      "integrity": "sha512-PqlerEvQcc5hZLQ/NQWgBxgVQ4TRdvkW3c/t+SUEQSj78ia3hgLkf2VZ2yGJtltNbEEFyYGm+cA6XXevodYvWA==",
      "peerDependencies": {
        "chart.js": "^3.0.0",
        "moment": "^2.10.2"
      }
    },
    "node_modules/date-fns": {
      "version": "2.28.0",
      "resolved": "https://registry.npmjs.org/date-fns/-/date-fns-2.28.0.tgz",
      "integrity": "sha512-8d35hViGYx/QH0icHYCeLmsLmMUheMmTyV9Fcm6gvNwdw31yXXH+O85sOBJ+OLnLQMKZowvpKb6FgMIQjcpvQw==",
      "engines": {
        "node": ">=0.11"
      },
      "funding": {
        "type": "opencollective",
        "url": "https://opencollective.com/date-fns"
      }
    },
    "node_modules/luxon": {
      "version": "2.3.2",
      "resolved": "https://registry.npmjs.org/luxon/-/luxon-2.3.2.tgz",
      "integrity": "sha512-MlAQQVMFhGk4WUA6gpfsy0QycnKP0+NlCBJRVRNPxxSIbjrCbQ65nrpJD3FVyJNZLuJ0uoqL57ye6BmDYgHaSw==",
      "engines": {
        "node": ">=12"
      }
    },
    "node_modules/moment": {
      "version": "2.29.3",
      "resolved": "https://registry.npmjs.org/moment/-/moment-2.29.3.tgz",
      "integrity": "sha512-c6YRvhEo//6T2Jz/vVtYzqBzwvPT95JBQ+smCytzf7c50oMZRsR/a4w88aD34I+/QVSfnoAnSBFPJHItlOMJVw==",
      "engines": {
        "node": "*"
      }
    }
  },
  "dependencies": {
    "chart.js": {
      "version": "3.7.1",
      "resolved": "https://registry.npmjs.org/chart.js/-/chart.js-3.7.1.tgz",
      "integrity": "sha512-8knRegQLFnPQAheZV8MjxIXc5gQEfDFD897BJgv/klO/vtIyFFmgMXrNfgrXpbTr/XbTturxRgxIXx/Y+ASJBA=="
    },
    "chartjs-adapter-date-fns": {
      "version": "1.1.0-beta.1",
      "resolved": "https://registry.npmjs.org/chartjs-adapter-date-fns/-/chartjs-adapter-date-fns-1.1.0-beta.1.tgz",
      "integrity": "sha512-VNhuZ86kXKOwh61CyRLP7hoFqAR7+gjnrtf7KYLt/Wfh3jIQs14l1h+nagtQoFaabIYIo6UD5/jJb2/J6zOPcw==",
      "requires": {}
    },
    "chartjs-adapter-moment": {
      "version": "1.0.0",
      "resolved": "https://registry.npmjs.org/chartjs-adapter-moment/-/chartjs-adapter-moment-1.0.0.tgz",
      "integrity": "sha512-PqlerEvQcc5hZLQ/NQWgBxgVQ4TRdvkW3c/t+SUEQSj78ia3hgLkf2VZ2yGJtltNbEEFyYGm+cA6XXevodYvWA==",
      "requires": {}
    },
    "date-fns": {
      "version": "2.28.0",
      "resolved": "https://registry.npmjs.org/date-fns/-/date-fns-2.28.0.tgz",
      "integrity": "sha512-8d35hViGYx/QH0icHYCeLmsLmMUheMmTyV9Fcm6gvNwdw31yXXH+O85sOBJ+OLnLQMKZowvpKb6FgMIQjcpvQw=="
    },
    "luxon": {
      "version": "2.3.2",
      "resolved": "https://registry.npmjs.org/luxon/-/luxon-2.3.2.tgz",
      "integrity": "sha512-MlAQQVMFhGk4WUA6gpfsy0QycnKP0+NlCBJRVRNPxxSIbjrCbQ65nrpJD3FVyJNZLuJ0uoqL57ye6BmDYgHaSw=="
    },
    "moment": {
      "version": "2.29.3",
      "resolved": "https://registry.npmjs.org/moment/-/moment-2.29.3.tgz",
      "integrity": "sha512-c6YRvhEo//6T2Jz/vVtYzqBzwvPT95JBQ+smCytzf7c50oMZRsR/a4w88aD34I+/QVSfnoAnSBFPJHItlOMJVw=="
    }
  }
}
